<?xml version="1.0" encoding="utf-8"?>
<Project ToolsVersion="4.0" xmlns="http://schemas.microsoft.com/developer/msbuild/2003">
  <ItemGroup>
    <ClInclude Include="String.h" />
    <ClInclude Include="StringPrinter.h" />
  </ItemGroup>
  <ItemGroup>
    <ClCompile Include="String.cpp" />
    <ClCompile Include="main.cpp" />
    <ClCompile Include="StringPrinter.cpp" />
  </ItemGroup>
</Project>